// !$*UTF8*$!
{
	archiveVersion = 1;
	classes = {
	};
	objectVersion = 48;
	objects = {

/* Begin PBXBuildFile section */
		296147992071F13100490BAA /* AppDelegate.m in Sources */ = {isa = PBXBuildFile; fileRef = 296147982071F13100490BAA /* AppDelegate.m */; };
		2961479F2071F13100490BAA /* Main.storyboard in Resources */ = {isa = PBXBuildFile; fileRef = 2961479D2071F13100490BAA /* Main.storyboard */; };
		296147A12071F13100490BAA /* Assets.xcassets in Resources */ = {isa = PBXBuildFile; fileRef = 296147A02071F13100490BAA /* Assets.xcassets */; };
		296147A42071F13100490BAA /* LaunchScreen.storyboard in Resources */ = {isa = PBXBuildFile; fileRef = 296147A22071F13100490BAA /* LaunchScreen.storyboard */; };
		296147A72071F13100490BAA /* main.m in Sources */ = {isa = PBXBuildFile; fileRef = 296147A62071F13100490BAA /* main.m */; };
		296147B2207212A800490BAA /* BTRouter.m in Sources */ = {isa = PBXBuildFile; fileRef = 296147B1207212A800490BAA /* BTRouter.m */; };
		B938530DE33DE3D51A65234D /* libPods-XMRyPersonal.a in Frameworks */ = {isa = PBXBuildFile; fileRef = 4A830647628CEA861A19A581 /* libPods-XMRyPersonal.a */; };
/* End PBXBuildFile section */

/* Begin PBXFileReference section */
		296147942071F13100490BAA /* XMRyPersonal.app */ = {isa = PBXFileReference; explicitFileType = wrapper.application; includeInIndex = 0; path = XMRyPersonal.app; sourceTree = BUILT_PRODUCTS_DIR; };
		296147972071F13100490BAA /* AppDelegate.h */ = {isa = PBXFileReference; lastKnownFileType = sourcecode.c.h; path = AppDelegate.h; sourceTree = "<group>"; };
		296147982071F13100490BAA /* AppDelegate.m */ = {isa = PBXFileReference; lastKnownFileType = sourcecode.c.objc; path = AppDelegate.m; sourceTree = "<group>"; };
		2961479E2071F13100490BAA /* Base */ = {isa = PBXFileReference; lastKnownFileType = file.storyboard; name = Base; path = Base.lproj/Main.storyboard; sourceTree = "<group>"; };
		296147A02071F13100490BAA /* Assets.xcassets */ = {isa = PBXFileReference; lastKnownFileType = folder.assetcatalog; path = Assets.xcassets; sourceTree = "<group>"; };
		296147A32071F13100490BAA /* Base */ = {isa = PBXFileReference; lastKnownFileType = file.storyboard; name = Base; path = Base.lproj/LaunchScreen.storyboard; sourceTree = "<group>"; };
		296147A52071F13100490BAA /* Info.plist */ = {isa = PBXFileReference; lastKnownFileType = text.plist.xml; path = Info.plist; sourceTree = "<group>"; };
		296147A62071F13100490BAA /* main.m */ = {isa = PBXFileReference; lastKnownFileType = sourcecode.c.objc; path = main.m; sourceTree = "<group>"; };
		296147B0207212A800490BAA /* BTRouter.h */ = {isa = PBXFileReference; fileEncoding = 4; lastKnownFileType = sourcecode.c.h; path = BTRouter.h; sourceTree = "<group>"; };
		296147B1207212A800490BAA /* BTRouter.m */ = {isa = PBXFileReference; fileEncoding = 4; lastKnownFileType = sourcecode.c.objc; path = BTRouter.m; sourceTree = "<group>"; };
		4A830647628CEA861A19A581 /* libPods-XMRyPersonal.a */ = {isa = PBXFileReference; explicitFileType = archive.ar; includeInIndex = 0; path = "libPods-XMRyPersonal.a"; sourceTree = BUILT_PRODUCTS_DIR; };
		5F10A487DDB4B48BB8ADE3C6 /* Pods-XMRyPersonal.debug.xcconfig */ = {isa = PBXFileReference; includeInIndex = 1; lastKnownFileType = text.xcconfig; name = "Pods-XMRyPersonal.debug.xcconfig"; path = "Pods/Target Support Files/Pods-XMRyPersonal/Pods-XMRyPersonal.debug.xcconfig"; sourceTree = "<group>"; };
		6B017D26F46A10CB77FF2712 /* Pods-XMRyPersonal.release.xcconfig */ = {isa = PBXFileReference; includeInIndex = 1; lastKnownFileType = text.xcconfig; name = "Pods-XMRyPersonal.release.xcconfig"; path = "Pods/Target Support Files/Pods-XMRyPersonal/Pods-XMRyPersonal.release.xcconfig"; sourceTree = "<group>"; };
/* End PBXFileReference section */

/* Begin PBXFrameworksBuildPhase section */
		296147912071F13100490BAA /* Frameworks */ = {
			isa = PBXFrameworksBuildPhase;
			buildActionMask = 2147483647;
			files = (
				B938530DE33DE3D51A65234D /* libPods-XMRyPersonal.a in Frameworks */,
			);
			runOnlyForDeploymentPostprocessing = 0;
		};
/* End PBXFrameworksBuildPhase section */

/* Begin PBXGroup section */
		1994CCEE73F0DABC5737BBF5 /* Frameworks */ = {
			isa = PBXGroup;
			children = (
				4A830647628CEA861A19A581 /* libPods-XMRyPersonal.a */,
			);
			name = Frameworks;
			sourceTree = "<group>";
		};
		2961478B2071F13100490BAA = {
			isa = PBXGroup;
			children = (
				296147962071F13100490BAA /* XMRyPersonal */,
				296147952071F13100490BAA /* Products */,
				77831DE9D61F2C0EC8FACA03 /* Pods */,
				1994CCEE73F0DABC5737BBF5 /* Frameworks */,
			);
			sourceTree = "<group>";
		};
		296147952071F13100490BAA /* Products */ = {
			isa = PBXGroup;
			children = (
				296147942071F13100490BAA /* XMRyPersonal.app */,
			);
			name = Products;
			sourceTree = "<group>";
		};
		296147962071F13100490BAA /* XMRyPersonal */ = {
			isa = PBXGroup;
			children = (
				296147AE2072127700490BAA /* CommonTool */,
				296147AD2072116B00490BAA /* New Group */,
				296147972071F13100490BAA /* AppDelegate.h */,
				296147982071F13100490BAA /* AppDelegate.m */,
				2961479D2071F13100490BAA /* Main.storyboard */,
				296147A02071F13100490BAA /* Assets.xcassets */,
				296147A22071F13100490BAA /* LaunchScreen.storyboard */,
				296147A52071F13100490BAA /* Info.plist */,
				296147A62071F13100490BAA /* main.m */,
			);
			path = XMRyPersonal;
			sourceTree = "<group>";
		};
		296147AD2072116B00490BAA /* New Group */ = {
			isa = PBXGroup;
			children = (
			);
			path = "New Group";
			sourceTree = "<group>";
		};
		296147AE2072127700490BAA /* CommonTool */ = {
			isa = PBXGroup;
			children = (
				296147AF2072129400490BAA /* Router */,
			);
			path = CommonTool;
			sourceTree = "<group>";
		};
		296147AF2072129400490BAA /* Router */ = {
			isa = PBXGroup;
			children = (
				296147B0207212A800490BAA /* BTRouter.h */,
				296147B1207212A800490BAA /* BTRouter.m */,
			);
			path = Router;
			sourceTree = "<group>";
		};
		77831DE9D61F2C0EC8FACA03 /* Pods */ = {
			isa = PBXGroup;
			children = (
				5F10A487DDB4B48BB8ADE3C6 /* Pods-XMRyPersonal.debug.xcconfig */,
				6B017D26F46A10CB77FF2712 /* Pods-XMRyPersonal.release.xcconfig */,
			);
			name = Pods;
			sourceTree = "<group>";
		};
/* End PBXGroup section */

/* Begin PBXNativeTarget section */
		296147932071F13100490BAA /* XMRyPersonal */ = {
			isa = PBXNativeTarget;
			buildConfigurationList = 296147AA2071F13100490BAA /* Build configuration list for PBXNativeTarget "XMRyPersonal" */;
			buildPhases = (
				35148708062A0B7D6510E47B /* [CP] Check Pods Manifest.lock */,
				296147902071F13100490BAA /* Sources */,
				296147912071F13100490BAA /* Frameworks */,
				296147922071F13100490BAA /* Resources */,
				1D6A9DC9EC77244B8097E011 /* [CP] Embed Pods Frameworks */,
				43A246506E150DDC5CF64E8F /* [CP] Copy Pods Resources */,
			);
			buildRules = (
			);
			dependencies = (
			);
			name = XMRyPersonal;
			productName = XMRyPersonal;
			productReference = 296147942071F13100490BAA /* XMRyPersonal.app */;
			productType = "com.apple.product-type.application";
		};
/* End PBXNativeTarget section */

/* Begin PBXProject section */
		2961478C2071F13100490BAA /* Project object */ = {
			isa = PBXProject;
			attributes = {
				LastUpgradeCheck = 0920;
				ORGANIZATIONNAME = company;
				TargetAttributes = {
					296147932071F13100490BAA = {
						CreatedOnToolsVersion = 9.2;
						ProvisioningStyle = Automatic;
					};
				};
			};
			buildConfigurationList = 2961478F2071F13100490BAA /* Build configuration list for PBXProject "XMRyPersonal" */;
			compatibilityVersion = "Xcode 8.0";
			developmentRegion = en;
			hasScannedForEncodings = 0;
			knownRegions = (
				en,
				Base,
			);
			mainGroup = 2961478B2071F13100490BAA;
			productRefGroup = 296147952071F13100490BAA /* Products */;
			projectDirPath = "";
			projectRoot = "";
			targets = (
				296147932071F13100490BAA /* XMRyPersonal */,
			);
		};
/* End PBXProject section */

/* Begin PBXResourcesBuildPhase section */
		296147922071F13100490BAA /* Resources */ = {
			isa = PBXResourcesBuildPhase;
			buildActionMask = 2147483647;
			files = (
				296147A42071F13100490BAA /* LaunchScreen.storyboard in Resources */,
				296147A12071F13100490BAA /* Assets.xcassets in Resources */,
				2961479F2071F13100490BAA /* Main.storyboard in Resources */,
			);
			runOnlyForDeploymentPostprocessing = 0;
		};
/* End PBXResourcesBuildPhase section */

/* Begin PBXShellScriptBuildPhase section */
		1D6A9DC9EC77244B8097E011 /* [CP] Embed Pods Frameworks */ = {
			isa = PBXShellScriptBuildPhase;
			buildActionMask = 2147483647;
			files = (
			);
			inputPaths = (
			);
			name = "[CP] Embed Pods Frameworks";
			outputPaths = (
			);
			runOnlyForDeploymentPostprocessing = 0;
			shellPath = /bin/sh;
			shellScript = "\"${SRCROOT}/Pods/Target Support Files/Pods-XMRyPersonal/Pods-XMRyPersonal-frameworks.sh\"\n";
			showEnvVarsInLog = 0;
		};
		35148708062A0B7D6510E47B /* [CP] Check Pods Manifest.lock */ = {
			isa = PBXShellScriptBuildPhase;
			buildActionMask = 2147483647;
			files = (
			);
			inputPaths = (
				"${PODS_PODFILE_DIR_PATH}/Podfile.lock",
				"${PODS_ROOT}/Manifest.lock",
			);
			name = "[CP] Check Pods Manifest.lock";
			outputPaths = (
				"$(DERIVED_FILE_DIR)/Pods-XMRyPersonal-checkManifestLockResult.txt",
			);
			runOnlyForDeploymentPostprocessing = 0;
			shellPath = /bin/sh;
			shellScript = "diff \"${PODS_PODFILE_DIR_PATH}/Podfile.lock\" \"${PODS_ROOT}/Manifest.lock\" > /dev/null\nif [ $? != 0 ] ; then\n    # print error to STDERR\n    echo \"error: The sandbox is not in sync with the Podfile.lock. Run 'pod install' or update your CocoaPods installation.\" >&2\n    exit 1\nfi\n# This output is used by Xcode 'outputs' to avoid re-running this script phase.\necho \"SUCCESS\" > \"${SCRIPT_OUTPUT_FILE_0}\"\n";
			showEnvVarsInLog = 0;
		};
		43A246506E150DDC5CF64E8F /* [CP] Copy Pods Resources */ = {
			isa = PBXShellScriptBuildPhase;
			buildActionMask = 2147483647;
			files = (
			);
			inputPaths = (
				"${SRCROOT}/Pods/Target Support Files/Pods-XMRyPersonal/Pods-XMRyPersonal-resources.sh",
				"${PODS_ROOT}/IQKeyboardManager/IQKeyboardManager/Resources/IQKeyboardManager.bundle",
			);
			name = "[CP] Copy Pods Resources";
			outputPaths = (
				"${TARGET_BUILD_DIR}/${UNLOCALIZED_RESOURCES_FOLDER_PATH}",
			);
			runOnlyForDeploymentPostprocessing = 0;
			shellPath = /bin/sh;
			shellScript = "\"${SRCROOT}/Pods/Target Support Files/Pods-XMRyPersonal/Pods-XMRyPersonal-resources.sh\"\n";
			showEnvVarsInLog = 0;
		};
/* End PBXShellScriptBuildPhase section */

/* Begin PBXSourcesBuildPhase section */
		296147902071F13100490BAA /* Sources */ = {
			isa = PBXSourcesBuildPhase;
			buildActionMask = 2147483647;
			files = (
				296147A72071F13100490BAA /* main.m in Sources */,
				296147992071F13100490BAA /* AppDelegate.m in Sources */,
				296147B2207212A800490BAA /* BTRouter.m in Sources */,
			);
			runOnlyForDeploymentPostprocessing = 0;
		};
/* End PBXSourcesBuildPhase section */

/* Begin PBXVariantGroup section */
		2961479D2071F13100490BAA /* Main.storyboard */ = {
			isa = PBXVariantGroup;
			children = (
				2961479E2071F13100490BAA /* Base */,
			);
			name = Main.storyboard;
			sourceTree = "<group>";
		};
		296147A22071F13100490BAA /* LaunchScreen.storyboard */ = {
			isa = PBXVariantGroup;
			children = (
				296147A32071F13100490BAA /* Base */,
			);
			name = LaunchScreen.storyboard;
			sourceTree = "<group>";
		};
/* End PBXVariantGroup section */

/* Begin XCBuildConfiguration section */
		296147A82071F13100490BAA /* Debug */ = {
			isa = XCBuildConfiguration;
			buildSettings = {
				ALWAYS_SEARCH_USER_PATHS = NO;
				CLANG_ANALYZER_NONNULL = YES;
				CLANG_ANALYZER_NUMBER_OBJECT_CONVERSION = YES_AGGRESSIVE;
				CLANG_CXX_LANGUAGE_STANDARD = "gnu++14";
				CLANG_CXX_LIBRARY = "libc++";
				CLANG_ENABLE_MODULES = YES;
				CLANG_ENABLE_OBJC_ARC = YES;
				CLANG_WARN_BLOCK_CAPTURE_AUTORELEASING = YES;
				CLANG_WARN_BOOL_CONVERSION = YES;
				CLANG_WARN_COMMA = YES;
				CLANG_WARN_CONSTANT_CONVERSION = YES;
				CLANG_WARN_DIRECT_OBJC_ISA_USAGE = YES_ERROR;
				CLANG_WARN_DOCUMENTATION_COMMENTS = YES;
				CLANG_WARN_EMPTY_BODY = YES;
				CLANG_WARN_ENUM_CONVERSION = YES;
				CLANG_WARN_INFINITE_RECURSION = YES;
				CLANG_WARN_INT_CONVERSION = YES;
				CLANG_WARN_NON_LITERAL_NULL_CONVERSION = YES;
				CLANG_WARN_OBJC_LITERAL_CONVERSION = YES;
				CLANG_WARN_OBJC_ROOT_CLASS = YES_ERROR;
				CLANG_WARN_RANGE_LOOP_ANALYSIS = YES;
				CLANG_WARN_STRICT_PROTOTYPES = YES;
				CLANG_WARN_SUSPICIOUS_MOVE = YES;
				CLANG_WARN_UNGUARDED_AVAILABILITY = YES_AGGRESSIVE;
				CLANG_WARN_UNREACHABLE_CODE = YES;
				CLANG_WARN__DUPLICATE_METHOD_MATCH = YES;
				CODE_SIGN_IDENTITY = "iPhone Developer";
				COPY_PHASE_STRIP = NO;
				DEBUG_INFORMATION_FORMAT = dwarf;
				ENABLE_STRICT_OBJC_MSGSEND = YES;
				ENABLE_TESTABILITY = YES;
				GCC_C_LANGUAGE_STANDARD = gnu11;
				GCC_DYNAMIC_NO_PIC = NO;
				GCC_NO_COMMON_BLOCKS = YES;
				GCC_OPTIMIZATION_LEVEL = 0;
				GCC_PREPROCESSOR_DEFINITIONS = (
					"DEBUG=1",
					"$(inherited)",
				);
				GCC_WARN_64_TO_32_BIT_CONVERSION = YES;
				GCC_WARN_ABOUT_RETURN_TYPE = YES_ERROR;
				GCC_WARN_UNDECLARED_SELECTOR = YES;
				GCC_WARN_UNINITIALIZED_AUTOS = YES_AGGRESSIVE;
				GCC_WARN_UNUSED_FUNCTION = YES;
				GCC_WARN_UNUSED_VARIABLE = YES;
				IPHONEOS_DEPLOYMENT_TARGET = 11.2;
				MTL_ENABLE_DEBUG_INFO = YES;
				ONLY_ACTIVE_ARCH = YES;
				SDKROOT = iphoneos;
			};
			name = Debug;
		};
		296147A92071F13100490BAA /* Release */ = {
			isa = XCBuildConfiguration;
			buildSettings = {
				ALWAYS_SEARCH_USER_PATHS = NO;
				CLANG_ANALYZER_NONNULL = YES;
				CLANG_ANALYZER_NUMBER_OBJECT_CONVERSION = YES_AGGRESSIVE;
				CLANG_CXX_LANGUAGE_STANDARD = "gnu++14";
				CLANG_CXX_LIBRARY = "libc++";
				CLANG_ENABLE_MODULES = YES;
				CLANG_ENABLE_OBJC_ARC = YES;
				CLANG_WARN_BLOCK_CAPTURE_AUTORELEASING = YES;
				CLANG_WARN_BOOL_CONVERSION = YES;
				CLANG_WARN_COMMA = YES;
				CLANG_WARN_CONSTANT_CONVERSION = YES;
				CLANG_WARN_DIRECT_OBJC_ISA_USAGE = YES_ERROR;
				CLANG_WARN_DOCUMENTATION_COMMENTS = YES;
				CLANG_WARN_EMPTY_BODY = YES;
				CLANG_WARN_ENUM_CONVERSION = YES;
				CLANG_WARN_INFINITE_RECURSION = YES;
				CLANG_WARN_INT_CONVERSION = YES;
				CLANG_WARN_NON_LITERAL_NULL_CONVERSION = YES;
				CLANG_WARN_OBJC_LITERAL_CONVERSION = YES;
				CLANG_WARN_OBJC_ROOT_CLASS = YES_ERROR;
				CLANG_WARN_RANGE_LOOP_ANALYSIS = YES;
				CLANG_WARN_STRICT_PROTOTYPES = YES;
				CLANG_WARN_SUSPICIOUS_MOVE = YES;
				CLANG_WARN_UNGUARDED_AVAILABILITY = YES_AGGRESSIVE;
				CLANG_WARN_UNREACHABLE_CODE = YES;
				CLANG_WARN__DUPLICATE_METHOD_MATCH = YES;
				CODE_SIGN_IDENTITY = "iPhone Developer";
				COPY_PHASE_STRIP = NO;
				DEBUG_INFORMATION_FORMAT = "dwarf-with-dsym";
				ENABLE_NS_ASSERTIONS = NO;
				ENABLE_STRICT_OBJC_MSGSEND = YES;
				GCC_C_LANGUAGE_STANDARD = gnu11;
				GCC_NO_COMMON_BLOCKS = YES;
				GCC_WARN_64_TO_32_BIT_CONVERSION = YES;
				GCC_WARN_ABOUT_RETURN_TYPE = YES_ERROR;
				GCC_WARN_UNDECLARED_SELECTOR = YES;
				GCC_WARN_UNINITIALIZED_AUTOS = YES_AGGRESSIVE;
				GCC_WARN_UNUSED_FUNCTION = YES;
				GCC_WARN_UNUSED_VARIABLE = YES;
				IPHONEOS_DEPLOYMENT_TARGET = 11.2;
				MTL_ENABLE_DEBUG_INFO = NO;
				SDKROOT = iphoneos;
				VALIDATE_PRODUCT = YES;
			};
			name = Release;
		};
		296147AB2071F13100490BAA /* Debug */ = {
			isa = XCBuildConfiguration;
			baseConfigurationReference = 5F10A487DDB4B48BB8ADE3C6 /* Pods-XMRyPersonal.debug.xcconfig */;
			buildSettings = {
				ASSETCATALOG_COMPILER_APPICON_NAME = AppIcon;
				CODE_SIGN_STYLE = Automatic;
				DEVELOPMENT_TEAM = CT6UX43MB4;
				INFOPLIST_FILE = XMRyPersonal/Info.plist;
				IPHONEOS_DEPLOYMENT_TARGET = 8.0;
				LD_RUNPATH_SEARCH_PATHS = "$(inherited) @executable_path/Frameworks";
				PRODUCT_BUNDLE_IDENTIFIER = com.xm.ryry.XMRyPersonal;
				PRODUCT_NAME = "$(TARGET_NAME)";
				TARGETED_DEVICE_FAMILY = "1,2";
			};
			name = Debug;
		};
		296147AC2071F13100490BAA /* Release */ = {
			isa = XCBuildConfiguration;
			baseConfigurationReference = 6B017D26F46A10CB77FF2712 /* Pods-XMRyPersonal.release.xcconfig */;
			buildSettings = {
				ASSETCATALOG_COMPILER_APPICON_NAME = AppIcon;
				CODE_SIGN_STYLE = Automatic;
				DEVELOPMENT_TEAM = CT6UX43MB4;
				INFOPLIST_FILE = XMRyPersonal/Info.plist;
				IPHONEOS_DEPLOYMENT_TARGET = 8.0;
				LD_RUNPATH_SEARCH_PATHS = "$(inherited) @executable_path/Frameworks";
				PRODUCT_BUNDLE_IDENTIFIER = com.xm.ryry.XMRyPersonal;
				PRODUCT_NAME = "$(TARGET_NAME)";
				TARGETED_DEVICE_FAMILY = "1,2";
			};
			name = Release;
		};
/* End XCBuildConfiguration section */

/* Begin XCConfigurationList section */
		2961478F2071F13100490BAA /* Build configuration list for PBXProject "XMRyPersonal" */ = {
			isa = XCConfigurationList;
			buildConfigurations = (
				296147A82071F13100490BAA /* Debug */,
				296147A92071F13100490BAA /* Release */,
			);
			defaultConfigurationIsVisible = 0;
			defaultConfigurationName = Release;
		};
		296147AA2071F13100490BAA /* Build configuration list for PBXNativeTarget "XMRyPersonal" */ = {
			isa = XCConfigurationList;
			buildConfigurations = (
				296147AB2071F13100490BAA /* Debug */,
				296147AC2071F13100490BAA /* Release */,
			);
			defaultConfigurationIsVisible = 0;
			defaultConfigurationName = Release;
		};
/* End XCConfigurationList section */
	};
	rootObject = 2961478C2071F13100490BAA /* Project object */;
}
